
Microsoft Visual Studio Solution File, Format Version 12.00
Project("{FAE04EC0-301F-11D3-BF4B-00C04F79EFBC}") = "SpatiaBlazor", "SpatiaBlazor\SpatiaBlazor.csproj", "{2BB2CE9D-497C-49B4-8316-E570EEDDAECE}"
EndProject
Project("{FAE04EC0-301F-11D3-BF4B-00C04F79EFBC}") = "SpatiaBlazor.Demo", "SpatiaBlazor.Demo\SpatiaBlazor.Demo\SpatiaBlazor.Demo.csproj", "{2183DB41-B9CE-41F8-9E06-59CCB00EDDD0}"
EndProject
Project("{FAE04EC0-301F-11D3-BF4B-00C04F79EFBC}") = "SpatiaBlazor.Demo.Client", "SpatiaBlazor.Demo\SpatiaBlazor.Demo.Client\SpatiaBlazor.Demo.Client.csproj", "{FAEA327B-D7E4-4156-AF61-1036F8CC5C1A}"
EndProject
Project("{FAE04EC0-301F-11D3-BF4B-00C04F79EFBC}") = "SpatiaBlazor.Tests", "SpatiaBlazor.Tests\SpatiaBlazor.Tests.csproj", "{06C1F173-72F2-4E80-ABC2-D200798E52DF}"
EndProject
Global
	GlobalSection(SolutionConfigurationPlatforms) = preSolution
		Debug|Any CPU = Debug|Any CPU
		Release|Any CPU = Release|Any CPU
	EndGlobalSection
	GlobalSection(ProjectConfigurationPlatforms) = postSolution
		{2BB2CE9D-497C-49B4-8316-E570EEDDAECE}.Debug|Any CPU.ActiveCfg = Debug|Any CPU
		{2BB2CE9D-497C-49B4-8316-E570EEDDAECE}.Debug|Any CPU.Build.0 = Debug|Any CPU
		{2BB2CE9D-497C-49B4-8316-E570EEDDAECE}.Release|Any CPU.ActiveCfg = Release|Any CPU
		{2BB2CE9D-497C-49B4-8316-E570EEDDAECE}.Release|Any CPU.Build.0 = Release|Any CPU
		{2183DB41-B9CE-41F8-9E06-59CCB00EDDD0}.Debug|Any CPU.ActiveCfg = Debug|Any CPU
		{2183DB41-B9CE-41F8-9E06-59CCB00EDDD0}.Debug|Any CPU.Build.0 = Debug|Any CPU
		{2183DB41-B9CE-41F8-9E06-59CCB00EDDD0}.Release|Any CPU.ActiveCfg = Release|Any CPU
		{2183DB41-B9CE-41F8-9E06-59CCB00EDDD0}.Release|Any CPU.Build.0 = Release|Any CPU
		{FAEA327B-D7E4-4156-AF61-1036F8CC5C1A}.Debug|Any CPU.ActiveCfg = Debug|Any CPU
		{FAEA327B-D7E4-4156-AF61-1036F8CC5C1A}.Debug|Any CPU.Build.0 = Debug|Any CPU
		{FAEA327B-D7E4-4156-AF61-1036F8CC5C1A}.Release|Any CPU.ActiveCfg = Release|Any CPU
		{FAEA327B-D7E4-4156-AF61-1036F8CC5C1A}.Release|Any CPU.Build.0 = Release|Any CPU
		{06C1F173-72F2-4E80-ABC2-D200798E52DF}.Debug|Any CPU.ActiveCfg = Debug|Any CPU
		{06C1F173-72F2-4E80-ABC2-D200798E52DF}.Debug|Any CPU.Build.0 = Debug|Any CPU
		{06C1F173-72F2-4E80-ABC2-D200798E52DF}.Release|Any CPU.ActiveCfg = Release|Any CPU
		{06C1F173-72F2-4E80-ABC2-D200798E52DF}.Release|Any CPU.Build.0 = Release|Any CPU
	EndGlobalSection
EndGlobal
